// !$*UTF8*$!
{
	archiveVersion = 1;
	classes = {
	};
	objectVersion = 50;
	objects = {

/* Begin PBXBuildFile section */
		3D5626C12175A6B600BF6CB5 /* AppDelegate.swift in Sources */ = {isa = PBXBuildFile; fileRef = 3D5626C02175A6B600BF6CB5 /* AppDelegate.swift */; };
		3D5626C32175A6B600BF6CB5 /* ProductoViewController.swift in Sources */ = {isa = PBXBuildFile; fileRef = 3D5626C22175A6B600BF6CB5 /* ProductoViewController.swift */; };
		3D5626C62175A6B600BF6CB5 /* Main.storyboard in Resources */ = {isa = PBXBuildFile; fileRef = 3D5626C42175A6B600BF6CB5 /* Main.storyboard */; };
		3D5626C82175A6B700BF6CB5 /* Assets.xcassets in Resources */ = {isa = PBXBuildFile; fileRef = 3D5626C72175A6B700BF6CB5 /* Assets.xcassets */; };
		3D5626CB2175A6B700BF6CB5 /* LaunchScreen.storyboard in Resources */ = {isa = PBXBuildFile; fileRef = 3D5626C92175A6B700BF6CB5 /* LaunchScreen.storyboard */; };
		3D5626D62175A6B800BF6CB5 /* BeniaminosCoffeeTests.swift in Sources */ = {isa = PBXBuildFile; fileRef = 3D5626D52175A6B800BF6CB5 /* BeniaminosCoffeeTests.swift */; };
		3D5626E12175A6B800BF6CB5 /* BeniaminosCoffeeUITests.swift in Sources */ = {isa = PBXBuildFile; fileRef = 3D5626E02175A6B800BF6CB5 /* BeniaminosCoffeeUITests.swift */; };
		3D5626F32175C16D00BF6CB5 /* Product.swift in Sources */ = {isa = PBXBuildFile; fileRef = 3D5626F22175C16D00BF6CB5 /* Product.swift */; };
		3D5626F82175CC6000BF6CB5 /* CeldaProduct.swift in Sources */ = {isa = PBXBuildFile; fileRef = 3D5626F72175CC6000BF6CB5 /* CeldaProduct.swift */; };
		3D5626FA2175D33D00BF6CB5 /* DetalleProductoController.swift in Sources */ = {isa = PBXBuildFile; fileRef = 3D5626F92175D33D00BF6CB5 /* DetalleProductoController.swift */; };
		3D6105C52175FC90000E3128 /* Comentario.swift in Sources */ = {isa = PBXBuildFile; fileRef = 3D6105C42175FC90000E3128 /* Comentario.swift */; };
		3D6105C92175FE21000E3128 /* ComentarioController.swift in Sources */ = {isa = PBXBuildFile; fileRef = 3D6105C82175FE21000E3128 /* ComentarioController.swift */; };
		3D6105CD2176083D000E3128 /* CeldaComentario.swift in Sources */ = {isa = PBXBuildFile; fileRef = 3D6105CC2176083D000E3128 /* CeldaComentario.swift */; };
		3D6105D021760A98000E3128 /* DetalleComentario.swift in Sources */ = {isa = PBXBuildFile; fileRef = 3D6105CF21760A98000E3128 /* DetalleComentario.swift */; };
		3DA96A952177A689001B5D26 /* LoginViewController.swift in Sources */ = {isa = PBXBuildFile; fileRef = 3DA96A942177A689001B5D26 /* LoginViewController.swift */; };
/* End PBXBuildFile section */

/* Begin PBXContainerItemProxy section */
		3D5626D22175A6B800BF6CB5 /* PBXContainerItemProxy */ = {
			isa = PBXContainerItemProxy;
			containerPortal = 3D5626B52175A6B600BF6CB5 /* Project object */;
			proxyType = 1;
			remoteGlobalIDString = 3D5626BC2175A6B600BF6CB5;
			remoteInfo = BeniaminosCoffee;
		};
		3D5626DD2175A6B800BF6CB5 /* PBXContainerItemProxy */ = {
			isa = PBXContainerItemProxy;
			containerPortal = 3D5626B52175A6B600BF6CB5 /* Project object */;
			proxyType = 1;
			remoteGlobalIDString = 3D5626BC2175A6B600BF6CB5;
			remoteInfo = BeniaminosCoffee;
		};
/* End PBXContainerItemProxy section */

/* Begin PBXFileReference section */
		3D5626BD2175A6B600BF6CB5 /* BeniaminosCoffee.app */ = {isa = PBXFileReference; explicitFileType = wrapper.application; includeInIndex = 0; path = BeniaminosCoffee.app; sourceTree = BUILT_PRODUCTS_DIR; };
		3D5626C02175A6B600BF6CB5 /* AppDelegate.swift */ = {isa = PBXFileReference; lastKnownFileType = sourcecode.swift; path = AppDelegate.swift; sourceTree = "<group>"; };
		3D5626C22175A6B600BF6CB5 /* ProductoViewController.swift */ = {isa = PBXFileReference; lastKnownFileType = sourcecode.swift; path = ProductoViewController.swift; sourceTree = "<group>"; };
		3D5626C52175A6B600BF6CB5 /* Base */ = {isa = PBXFileReference; lastKnownFileType = file.storyboard; name = Base; path = Base.lproj/Main.storyboard; sourceTree = "<group>"; };
		3D5626C72175A6B700BF6CB5 /* Assets.xcassets */ = {isa = PBXFileReference; lastKnownFileType = folder.assetcatalog; path = Assets.xcassets; sourceTree = "<group>"; };
		3D5626CA2175A6B700BF6CB5 /* Base */ = {isa = PBXFileReference; lastKnownFileType = file.storyboard; name = Base; path = Base.lproj/LaunchScreen.storyboard; sourceTree = "<group>"; };
		3D5626CC2175A6B700BF6CB5 /* Info.plist */ = {isa = PBXFileReference; lastKnownFileType = text.plist.xml; path = Info.plist; sourceTree = "<group>"; };
		3D5626D12175A6B800BF6CB5 /* BeniaminosCoffeeTests.xctest */ = {isa = PBXFileReference; explicitFileType = wrapper.cfbundle; includeInIndex = 0; path = BeniaminosCoffeeTests.xctest; sourceTree = BUILT_PRODUCTS_DIR; };
		3D5626D52175A6B800BF6CB5 /* BeniaminosCoffeeTests.swift */ = {isa = PBXFileReference; lastKnownFileType = sourcecode.swift; path = BeniaminosCoffeeTests.swift; sourceTree = "<group>"; };
		3D5626D72175A6B800BF6CB5 /* Info.plist */ = {isa = PBXFileReference; lastKnownFileType = text.plist.xml; path = Info.plist; sourceTree = "<group>"; };
		3D5626DC2175A6B800BF6CB5 /* BeniaminosCoffeeUITests.xctest */ = {isa = PBXFileReference; explicitFileType = wrapper.cfbundle; includeInIndex = 0; path = BeniaminosCoffeeUITests.xctest; sourceTree = BUILT_PRODUCTS_DIR; };
		3D5626E02175A6B800BF6CB5 /* BeniaminosCoffeeUITests.swift */ = {isa = PBXFileReference; lastKnownFileType = sourcecode.swift; path = BeniaminosCoffeeUITests.swift; sourceTree = "<group>"; };
		3D5626E22175A6B800BF6CB5 /* Info.plist */ = {isa = PBXFileReference; lastKnownFileType = text.plist.xml; path = Info.plist; sourceTree = "<group>"; };
		3D5626F22175C16D00BF6CB5 /* Product.swift */ = {isa = PBXFileReference; lastKnownFileType = sourcecode.swift; path = Product.swift; sourceTree = "<group>"; };
		3D5626F72175CC6000BF6CB5 /* CeldaProduct.swift */ = {isa = PBXFileReference; lastKnownFileType = sourcecode.swift; path = CeldaProduct.swift; sourceTree = "<group>"; };
		3D5626F92175D33D00BF6CB5 /* DetalleProductoController.swift */ = {isa = PBXFileReference; lastKnownFileType = sourcecode.swift; path = DetalleProductoController.swift; sourceTree = "<group>"; };
		3D6105C42175FC90000E3128 /* Comentario.swift */ = {isa = PBXFileReference; lastKnownFileType = sourcecode.swift; path = Comentario.swift; sourceTree = "<group>"; };
		3D6105C82175FE21000E3128 /* ComentarioController.swift */ = {isa = PBXFileReference; lastKnownFileType = sourcecode.swift; path = ComentarioController.swift; sourceTree = "<group>"; };
		3D6105CC2176083D000E3128 /* CeldaComentario.swift */ = {isa = PBXFileReference; lastKnownFileType = sourcecode.swift; path = CeldaComentario.swift; sourceTree = "<group>"; };
		3D6105CF21760A98000E3128 /* DetalleComentario.swift */ = {isa = PBXFileReference; lastKnownFileType = sourcecode.swift; path = DetalleComentario.swift; sourceTree = "<group>"; };
		3DA96A942177A689001B5D26 /* LoginViewController.swift */ = {isa = PBXFileReference; lastKnownFileType = sourcecode.swift; path = LoginViewController.swift; sourceTree = "<group>"; };
/* End PBXFileReference section */

/* Begin PBXFrameworksBuildPhase section */
		3D5626BA2175A6B600BF6CB5 /* Frameworks */ = {
			isa = PBXFrameworksBuildPhase;
			buildActionMask = 2147483647;
			files = (
			);
			runOnlyForDeploymentPostprocessing = 0;
		};
		3D5626CE2175A6B800BF6CB5 /* Frameworks */ = {
			isa = PBXFrameworksBuildPhase;
			buildActionMask = 2147483647;
			files = (
			);
			runOnlyForDeploymentPostprocessing = 0;
		};
		3D5626D92175A6B800BF6CB5 /* Frameworks */ = {
			isa = PBXFrameworksBuildPhase;
			buildActionMask = 2147483647;
			files = (
			);
			runOnlyForDeploymentPostprocessing = 0;
		};
/* End PBXFrameworksBuildPhase section */

/* Begin PBXGroup section */
		3D5626B42175A6B600BF6CB5 = {
			isa = PBXGroup;
			children = (
				3D5626F12175A92500BF6CB5 /* Resources */,
				3D5626F02175A90B00BF6CB5 /* App */,
				3D5626EF2175A8FB00BF6CB5 /* Models */,
				3D5626EE2175A8EB00BF6CB5 /* ControllersProducto */,
				3D5626BF2175A6B600BF6CB5 /* BeniaminosCoffee */,
				3D5626D42175A6B800BF6CB5 /* BeniaminosCoffeeTests */,
				3D5626DF2175A6B800BF6CB5 /* BeniaminosCoffeeUITests */,
				3D5626BE2175A6B600BF6CB5 /* Products */,
			);
			sourceTree = "<group>";
		};
		3D5626BE2175A6B600BF6CB5 /* Products */ = {
			isa = PBXGroup;
			children = (
				3D5626BD2175A6B600BF6CB5 /* BeniaminosCoffee.app */,
				3D5626D12175A6B800BF6CB5 /* BeniaminosCoffeeTests.xctest */,
				3D5626DC2175A6B800BF6CB5 /* BeniaminosCoffeeUITests.xctest */,
			);
			name = Products;
			sourceTree = "<group>";
		};
		3D5626BF2175A6B600BF6CB5 /* BeniaminosCoffee */ = {
			isa = PBXGroup;
			children = (
				3D5626C02175A6B600BF6CB5 /* AppDelegate.swift */,
				3D5626CC2175A6B700BF6CB5 /* Info.plist */,
			);
			path = BeniaminosCoffee;
			sourceTree = "<group>";
		};
		3D5626D42175A6B800BF6CB5 /* BeniaminosCoffeeTests */ = {
			isa = PBXGroup;
			children = (
				3D5626D52175A6B800BF6CB5 /* BeniaminosCoffeeTests.swift */,
				3D5626D72175A6B800BF6CB5 /* Info.plist */,
			);
			path = BeniaminosCoffeeTests;
			sourceTree = "<group>";
		};
		3D5626DF2175A6B800BF6CB5 /* BeniaminosCoffeeUITests */ = {
			isa = PBXGroup;
			children = (
				3D5626E02175A6B800BF6CB5 /* BeniaminosCoffeeUITests.swift */,
				3D5626E22175A6B800BF6CB5 /* Info.plist */,
			);
			path = BeniaminosCoffeeUITests;
			sourceTree = "<group>";
		};
		3D5626EE2175A8EB00BF6CB5 /* ControllersProducto */ = {
			isa = PBXGroup;
			children = (
				3DA96A942177A689001B5D26 /* LoginViewController.swift */,
				3D6105CE2176093A000E3128 /* Tables */,
				3D6105D121760AA4000E3128 /* Detalle */,
				3D6105CB21760821000E3128 /* Celdas */,
			);
			name = ControllersProducto;
			sourceTree = "<group>";
		};
		3D5626EF2175A8FB00BF6CB5 /* Models */ = {
			isa = PBXGroup;
			children = (
				3D5626F22175C16D00BF6CB5 /* Product.swift */,
				3D6105C42175FC90000E3128 /* Comentario.swift */,
			);
			name = Models;
			sourceTree = "<group>";
		};
		3D5626F02175A90B00BF6CB5 /* App */ = {
			isa = PBXGroup;
			children = (
				3D5626C42175A6B600BF6CB5 /* Main.storyboard */,
				3D5626C92175A6B700BF6CB5 /* LaunchScreen.storyboard */,
			);
			name = App;
			sourceTree = "<group>";
		};
		3D5626F12175A92500BF6CB5 /* Resources */ = {
			isa = PBXGroup;
			children = (
				3D5626C72175A6B700BF6CB5 /* Assets.xcassets */,
			);
			name = Resources;
			sourceTree = "<group>";
		};
		3D6105CB21760821000E3128 /* Celdas */ = {
			isa = PBXGroup;
			children = (
				3D5626F72175CC6000BF6CB5 /* CeldaProduct.swift */,
				3D6105CC2176083D000E3128 /* CeldaComentario.swift */,
			);
			name = Celdas;
			sourceTree = "<group>";
		};
		3D6105CE2176093A000E3128 /* Tables */ = {
			isa = PBXGroup;
			children = (
				3D5626C22175A6B600BF6CB5 /* ProductoViewController.swift */,
				3D6105C82175FE21000E3128 /* ComentarioController.swift */,
			);
			name = Tables;
			sourceTree = "<group>";
		};
		3D6105D121760AA4000E3128 /* Detalle */ = {
			isa = PBXGroup;
			children = (
				3D5626F92175D33D00BF6CB5 /* DetalleProductoController.swift */,
				3D6105CF21760A98000E3128 /* DetalleComentario.swift */,
			);
			name = Detalle;
			sourceTree = "<group>";
		};
/* End PBXGroup section */

/* Begin PBXNativeTarget section */
		3D5626BC2175A6B600BF6CB5 /* BeniaminosCoffee */ = {
			isa = PBXNativeTarget;
			buildConfigurationList = 3D5626E52175A6B800BF6CB5 /* Build configuration list for PBXNativeTarget "BeniaminosCoffee" */;
			buildPhases = (
				3D5626B92175A6B600BF6CB5 /* Sources */,
				3D5626BA2175A6B600BF6CB5 /* Frameworks */,
				3D5626BB2175A6B600BF6CB5 /* Resources */,
			);
			buildRules = (
			);
			dependencies = (
			);
			name = BeniaminosCoffee;
			productName = BeniaminosCoffee;
			productReference = 3D5626BD2175A6B600BF6CB5 /* BeniaminosCoffee.app */;
			productType = "com.apple.product-type.application";
		};
		3D5626D02175A6B800BF6CB5 /* BeniaminosCoffeeTests */ = {
			isa = PBXNativeTarget;
			buildConfigurationList = 3D5626E82175A6B800BF6CB5 /* Build configuration list for PBXNativeTarget "BeniaminosCoffeeTests" */;
			buildPhases = (
				3D5626CD2175A6B800BF6CB5 /* Sources */,
				3D5626CE2175A6B800BF6CB5 /* Frameworks */,
				3D5626CF2175A6B800BF6CB5 /* Resources */,
			);
			buildRules = (
			);
			dependencies = (
				3D5626D32175A6B800BF6CB5 /* PBXTargetDependency */,
			);
			name = BeniaminosCoffeeTests;
			productName = BeniaminosCoffeeTests;
			productReference = 3D5626D12175A6B800BF6CB5 /* BeniaminosCoffeeTests.xctest */;
			productType = "com.apple.product-type.bundle.unit-test";
		};
		3D5626DB2175A6B800BF6CB5 /* BeniaminosCoffeeUITests */ = {
			isa = PBXNativeTarget;
			buildConfigurationList = 3D5626EB2175A6B800BF6CB5 /* Build configuration list for PBXNativeTarget "BeniaminosCoffeeUITests" */;
			buildPhases = (
				3D5626D82175A6B800BF6CB5 /* Sources */,
				3D5626D92175A6B800BF6CB5 /* Frameworks */,
				3D5626DA2175A6B800BF6CB5 /* Resources */,
			);
			buildRules = (
			);
			dependencies = (
				3D5626DE2175A6B800BF6CB5 /* PBXTargetDependency */,
			);
			name = BeniaminosCoffeeUITests;
			productName = BeniaminosCoffeeUITests;
			productReference = 3D5626DC2175A6B800BF6CB5 /* BeniaminosCoffeeUITests.xctest */;
			productType = "com.apple.product-type.bundle.ui-testing";
		};
/* End PBXNativeTarget section */

/* Begin PBXProject section */
		3D5626B52175A6B600BF6CB5 /* Project object */ = {
			isa = PBXProject;
			attributes = {
				LastSwiftUpdateCheck = 0940;
				LastUpgradeCheck = 0940;
				ORGANIZATIONNAME = Alumno;
				TargetAttributes = {
					3D5626BC2175A6B600BF6CB5 = {
						CreatedOnToolsVersion = 9.4.1;
					};
					3D5626D02175A6B800BF6CB5 = {
						CreatedOnToolsVersion = 9.4.1;
						TestTargetID = 3D5626BC2175A6B600BF6CB5;
					};
					3D5626DB2175A6B800BF6CB5 = {
						CreatedOnToolsVersion = 9.4.1;
						TestTargetID = 3D5626BC2175A6B600BF6CB5;
					};
				};
			};
			buildConfigurationList = 3D5626B82175A6B600BF6CB5 /* Build configuration list for PBXProject "BeniaminosCoffee" */;
			compatibilityVersion = "Xcode 9.3";
			developmentRegion = en;
			hasScannedForEncodings = 0;
			knownRegions = (
				en,
				Base,
			);
			mainGroup = 3D5626B42175A6B600BF6CB5;
			productRefGroup = 3D5626BE2175A6B600BF6CB5 /* Products */;
			projectDirPath = "";
			projectRoot = "";
			targets = (
				3D5626BC2175A6B600BF6CB5 /* BeniaminosCoffee */,
				3D5626D02175A6B800BF6CB5 /* BeniaminosCoffeeTests */,
				3D5626DB2175A6B800BF6CB5 /* BeniaminosCoffeeUITests */,
			);
		};
/* End PBXProject section */

/* Begin PBXResourcesBuildPhase section */
		3D5626BB2175A6B600BF6CB5 /* Resources */ = {
			isa = PBXResourcesBuildPhase;
			buildActionMask = 2147483647;
			files = (
				3D5626CB2175A6B700BF6CB5 /* LaunchScreen.storyboard in Resources */,
				3D5626C82175A6B700BF6CB5 /* Assets.xcassets in Resources */,
				3D5626C62175A6B600BF6CB5 /* Main.storyboard in Resources */,
			);
			runOnlyForDeploymentPostprocessing = 0;
		};
		3D5626CF2175A6B800BF6CB5 /* Resources */ = {
			isa = PBXResourcesBuildPhase;
			buildActionMask = 2147483647;
			files = (
			);
			runOnlyForDeploymentPostprocessing = 0;
		};
		3D5626DA2175A6B800BF6CB5 /* Resources */ = {
			isa = PBXResourcesBuildPhase;
			buildActionMask = 2147483647;
			files = (
			);
			runOnlyForDeploymentPostprocessing = 0;
		};
/* End PBXResourcesBuildPhase section */

/* Begin PBXSourcesBuildPhase section */
		3D5626B92175A6B600BF6CB5 /* Sources */ = {
			isa = PBXSourcesBuildPhase;
			buildActionMask = 2147483647;
			files = (
				3D6105C52175FC90000E3128 /* Comentario.swift in Sources */,
				3DA96A952177A689001B5D26 /* LoginViewController.swift in Sources */,
				3D6105D021760A98000E3128 /* DetalleComentario.swift in Sources */,
				3D5626C32175A6B600BF6CB5 /* ProductoViewController.swift in Sources */,
				3D5626C12175A6B600BF6CB5 /* AppDelegate.swift in Sources */,
				3D6105CD2176083D000E3128 /* CeldaComentario.swift in Sources */,
				3D5626F32175C16D00BF6CB5 /* Product.swift in Sources */,
				3D6105C92175FE21000E3128 /* ComentarioController.swift in Sources */,
				3D5626F82175CC6000BF6CB5 /* CeldaProduct.swift in Sources */,
				3D5626FA2175D33D00BF6CB5 /* DetalleProductoController.swift in Sources */,
			);
			runOnlyForDeploymentPostprocessing = 0;
		};
		3D5626CD2175A6B800BF6CB5 /* Sources */ = {
			isa = PBXSourcesBuildPhase;
			buildActionMask = 2147483647;
			files = (
				3D5626D62175A6B800BF6CB5 /* BeniaminosCoffeeTests.swift in Sources */,
			);
			runOnlyForDeploymentPostprocessing = 0;
		};
		3D5626D82175A6B800BF6CB5 /* Sources */ = {
			isa = PBXSourcesBuildPhase;
			buildActionMask = 2147483647;
			files = (
				3D5626E12175A6B800BF6CB5 /* BeniaminosCoffeeUITests.swift in Sources */,
			);
			runOnlyForDeploymentPostprocessing = 0;
		};
/* End PBXSourcesBuildPhase section */

/* Begin PBXTargetDependency section */
		3D5626D32175A6B800BF6CB5 /* PBXTargetDependency */ = {
			isa = PBXTargetDependency;
			target = 3D5626BC2175A6B600BF6CB5 /* BeniaminosCoffee */;
			targetProxy = 3D5626D22175A6B800BF6CB5 /* PBXContainerItemProxy */;
		};
		3D5626DE2175A6B800BF6CB5 /* PBXTargetDependency */ = {
			isa = PBXTargetDependency;
			target = 3D5626BC2175A6B600BF6CB5 /* BeniaminosCoffee */;
			targetProxy = 3D5626DD2175A6B800BF6CB5 /* PBXContainerItemProxy */;
		};
/* End PBXTargetDependency section */

/* Begin PBXVariantGroup section */
		3D5626C42175A6B600BF6CB5 /* Main.storyboard */ = {
			isa = PBXVariantGroup;
			children = (
				3D5626C52175A6B600BF6CB5 /* Base */,
			);
			name = Main.storyboard;
			sourceTree = "<group>";
		};
		3D5626C92175A6B700BF6CB5 /* LaunchScreen.storyboard */ = {
			isa = PBXVariantGroup;
			children = (
				3D5626CA2175A6B700BF6CB5 /* Base */,
			);
			name = LaunchScreen.storyboard;
			sourceTree = "<group>";
		};
/* End PBXVariantGroup section */

/* Begin XCBuildConfiguration section */
		3D5626E32175A6B800BF6CB5 /* Debug */ = {
			isa = XCBuildConfiguration;
			buildSettings = {
				ALWAYS_SEARCH_USER_PATHS = NO;
				CLANG_ANALYZER_NONNULL = YES;
				CLANG_ANALYZER_NUMBER_OBJECT_CONVERSION = YES_AGGRESSIVE;
				CLANG_CXX_LANGUAGE_STANDARD = "gnu++14";
				CLANG_CXX_LIBRARY = "libc++";
				CLANG_ENABLE_MODULES = YES;
				CLANG_ENABLE_OBJC_ARC = YES;
				CLANG_ENABLE_OBJC_WEAK = YES;
				CLANG_WARN_BLOCK_CAPTURE_AUTORELEASING = YES;
				CLANG_WARN_BOOL_CONVERSION = YES;
				CLANG_WARN_COMMA = YES;
				CLANG_WARN_CONSTANT_CONVERSION = YES;
				CLANG_WARN_DEPRECATED_OBJC_IMPLEMENTATIONS = YES;
				CLANG_WARN_DIRECT_OBJC_ISA_USAGE = YES_ERROR;
				CLANG_WARN_DOCUMENTATION_COMMENTS = YES;
				CLANG_WARN_EMPTY_BODY = YES;
				CLANG_WARN_ENUM_CONVERSION = YES;
				CLANG_WARN_INFINITE_RECURSION = YES;
				CLANG_WARN_INT_CONVERSION = YES;
				CLANG_WARN_NON_LITERAL_NULL_CONVERSION = YES;
				CLANG_WARN_OBJC_IMPLICIT_RETAIN_SELF = YES;
				CLANG_WARN_OBJC_LITERAL_CONVERSION = YES;
				CLANG_WARN_OBJC_ROOT_CLASS = YES_ERROR;
				CLANG_WARN_RANGE_LOOP_ANALYSIS = YES;
				CLANG_WARN_STRICT_PROTOTYPES = YES;
				CLANG_WARN_SUSPICIOUS_MOVE = YES;
				CLANG_WARN_UNGUARDED_AVAILABILITY = YES_AGGRESSIVE;
				CLANG_WARN_UNREACHABLE_CODE = YES;
				CLANG_WARN__DUPLICATE_METHOD_MATCH = YES;
				CODE_SIGN_IDENTITY = "iPhone Developer";
				COPY_PHASE_STRIP = NO;
				DEBUG_INFORMATION_FORMAT = dwarf;
				ENABLE_STRICT_OBJC_MSGSEND = YES;
				ENABLE_TESTABILITY = YES;
				GCC_C_LANGUAGE_STANDARD = gnu11;
				GCC_DYNAMIC_NO_PIC = NO;
				GCC_NO_COMMON_BLOCKS = YES;
				GCC_OPTIMIZATION_LEVEL = 0;
				GCC_PREPROCESSOR_DEFINITIONS = (
					"DEBUG=1",
					"$(inherited)",
				);
				GCC_WARN_64_TO_32_BIT_CONVERSION = YES;
				GCC_WARN_ABOUT_RETURN_TYPE = YES_ERROR;
				GCC_WARN_UNDECLARED_SELECTOR = YES;
				GCC_WARN_UNINITIALIZED_AUTOS = YES_AGGRESSIVE;
				GCC_WARN_UNUSED_FUNCTION = YES;
				GCC_WARN_UNUSED_VARIABLE = YES;
				IPHONEOS_DEPLOYMENT_TARGET = 11.4;
				MTL_ENABLE_DEBUG_INFO = YES;
				ONLY_ACTIVE_ARCH = YES;
				SDKROOT = iphoneos;
				SWIFT_ACTIVE_COMPILATION_CONDITIONS = DEBUG;
				SWIFT_OPTIMIZATION_LEVEL = "-Onone";
			};
			name = Debug;
		};
		3D5626E42175A6B800BF6CB5 /* Release */ = {
			isa = XCBuildConfiguration;
			buildSettings = {
				ALWAYS_SEARCH_USER_PATHS = NO;
				CLANG_ANALYZER_NONNULL = YES;
				CLANG_ANALYZER_NUMBER_OBJECT_CONVERSION = YES_AGGRESSIVE;
				CLANG_CXX_LANGUAGE_STANDARD = "gnu++14";
				CLANG_CXX_LIBRARY = "libc++";
				CLANG_ENABLE_MODULES = YES;
				CLANG_ENABLE_OBJC_ARC = YES;
				CLANG_ENABLE_OBJC_WEAK = YES;
				CLANG_WARN_BLOCK_CAPTURE_AUTORELEASING = YES;
				CLANG_WARN_BOOL_CONVERSION = YES;
				CLANG_WARN_COMMA = YES;
				CLANG_WARN_CONSTANT_CONVERSION = YES;
				CLANG_WARN_DEPRECATED_OBJC_IMPLEMENTATIONS = YES;
				CLANG_WARN_DIRECT_OBJC_ISA_USAGE = YES_ERROR;
				CLANG_WARN_DOCUMENTATION_COMMENTS = YES;
				CLANG_WARN_EMPTY_BODY = YES;
				CLANG_WARN_ENUM_CONVERSION = YES;
				CLANG_WARN_INFINITE_RECURSION = YES;
				CLANG_WARN_INT_CONVERSION = YES;
				CLANG_WARN_NON_LITERAL_NULL_CONVERSION = YES;
				CLANG_WARN_OBJC_IMPLICIT_RETAIN_SELF = YES;
				CLANG_WARN_OBJC_LITERAL_CONVERSION = YES;
				CLANG_WARN_OBJC_ROOT_CLASS = YES_ERROR;
				CLANG_WARN_RANGE_LOOP_ANALYSIS = YES;
				CLANG_WARN_STRICT_PROTOTYPES = YES;
				CLANG_WARN_SUSPICIOUS_MOVE = YES;
				CLANG_WARN_UNGUARDED_AVAILABILITY = YES_AGGRESSIVE;
				CLANG_WARN_UNREACHABLE_CODE = YES;
				CLANG_WARN__DUPLICATE_METHOD_MATCH = YES;
				CODE_SIGN_IDENTITY = "iPhone Developer";
				COPY_PHASE_STRIP = NO;
				DEBUG_INFORMATION_FORMAT = "dwarf-with-dsym";
				ENABLE_NS_ASSERTIONS = NO;
				ENABLE_STRICT_OBJC_MSGSEND = YES;
				GCC_C_LANGUAGE_STANDARD = gnu11;
				GCC_NO_COMMON_BLOCKS = YES;
				GCC_WARN_64_TO_32_BIT_CONVERSION = YES;
				GCC_WARN_ABOUT_RETURN_TYPE = YES_ERROR;
				GCC_WARN_UNDECLARED_SELECTOR = YES;
				GCC_WARN_UNINITIALIZED_AUTOS = YES_AGGRESSIVE;
				GCC_WARN_UNUSED_FUNCTION = YES;
				GCC_WARN_UNUSED_VARIABLE = YES;
				IPHONEOS_DEPLOYMENT_TARGET = 11.4;
				MTL_ENABLE_DEBUG_INFO = NO;
				SDKROOT = iphoneos;
				SWIFT_COMPILATION_MODE = wholemodule;
				SWIFT_OPTIMIZATION_LEVEL = "-O";
				VALIDATE_PRODUCT = YES;
			};
			name = Release;
		};
		3D5626E62175A6B800BF6CB5 /* Debug */ = {
			isa = XCBuildConfiguration;
			buildSettings = {
				ASSETCATALOG_COMPILER_APPICON_NAME = AppIcon;
				CODE_SIGN_STYLE = Automatic;
				INFOPLIST_FILE = BeniaminosCoffee/Info.plist;
				LD_RUNPATH_SEARCH_PATHS = (
					"$(inherited)",
					"@executable_path/Frameworks",
				);
				PRODUCT_BUNDLE_IDENTIFIER = Benjamin.BeniaminosCoffee;
				PRODUCT_NAME = "$(TARGET_NAME)";
				SWIFT_VERSION = 4.0;
				TARGETED_DEVICE_FAMILY = "1,2";
			};
			name = Debug;
		};
		3D5626E72175A6B800BF6CB5 /* Release */ = {
			isa = XCBuildConfiguration;
			buildSettings = {
				ASSETCATALOG_COMPILER_APPICON_NAME = AppIcon;
				CODE_SIGN_STYLE = Automatic;
				INFOPLIST_FILE = BeniaminosCoffee/Info.plist;
				LD_RUNPATH_SEARCH_PATHS = (
					"$(inherited)",
					"@executable_path/Frameworks",
				);
				PRODUCT_BUNDLE_IDENTIFIER = Benjamin.BeniaminosCoffee;
				PRODUCT_NAME = "$(TARGET_NAME)";
				SWIFT_VERSION = 4.0;
				TARGETED_DEVICE_FAMILY = "1,2";
			};
			name = Release;
		};
		3D5626E92175A6B800BF6CB5 /* Debug */ = {
			isa = XCBuildConfiguration;
			buildSettings = {
				ALWAYS_EMBED_SWIFT_STANDARD_LIBRARIES = YES;
				BUNDLE_LOADER = "$(TEST_HOST)";
				CODE_SIGN_STYLE = Automatic;
				INFOPLIST_FILE = BeniaminosCoffeeTests/Info.plist;
				LD_RUNPATH_SEARCH_PATHS = (
					"$(inherited)",
					"@executable_path/Frameworks",
					"@loader_path/Frameworks",
				);
				PRODUCT_BUNDLE_IDENTIFIER = Benjamin.BeniaminosCoffeeTests;
				PRODUCT_NAME = "$(TARGET_NAME)";
				SWIFT_VERSION = 4.0;
				TARGETED_DEVICE_FAMILY = "1,2";
				TEST_HOST = "$(BUILT_PRODUCTS_DIR)/BeniaminosCoffee.app/BeniaminosCoffee";
			};
			name = Debug;
		};
		3D5626EA2175A6B800BF6CB5 /* Release */ = {
			isa = XCBuildConfiguration;
			buildSettings = {
				ALWAYS_EMBED_SWIFT_STANDARD_LIBRARIES = YES;
				BUNDLE_LOADER = "$(TEST_HOST)";
				CODE_SIGN_STYLE = Automatic;
				INFOPLIST_FILE = BeniaminosCoffeeTests/Info.plist;
				LD_RUNPATH_SEARCH_PATHS = (
					"$(inherited)",
					"@executable_path/Frameworks",
					"@loader_path/Frameworks",
				);
				PRODUCT_BUNDLE_IDENTIFIER = Benjamin.BeniaminosCoffeeTests;
				PRODUCT_NAME = "$(TARGET_NAME)";
				SWIFT_VERSION = 4.0;
				TARGETED_DEVICE_FAMILY = "1,2";
				TEST_HOST = "$(BUILT_PRODUCTS_DIR)/BeniaminosCoffee.app/BeniaminosCoffee";
			};
			name = Release;
		};
		3D5626EC2175A6B800BF6CB5 /* Debug */ = {
			isa = XCBuildConfiguration;
			buildSettings = {
				ALWAYS_EMBED_SWIFT_STANDARD_LIBRARIES = YES;
				CODE_SIGN_STYLE = Automatic;
				INFOPLIST_FILE = BeniaminosCoffeeUITests/Info.plist;
				LD_RUNPATH_SEARCH_PATHS = (
					"$(inherited)",
					"@executable_path/Frameworks",
					"@loader_path/Frameworks",
				);
				PRODUCT_BUNDLE_IDENTIFIER = Benjamin.BeniaminosCoffeeUITests;
				PRODUCT_NAME = "$(TARGET_NAME)";
				SWIFT_VERSION = 4.0;
				TARGETED_DEVICE_FAMILY = "1,2";
				TEST_TARGET_NAME = BeniaminosCoffee;
			};
			name = Debug;
		};
		3D5626ED2175A6B800BF6CB5 /* Release */ = {
			isa = XCBuildConfiguration;
			buildSettings = {
				ALWAYS_EMBED_SWIFT_STANDARD_LIBRARIES = YES;
				CODE_SIGN_STYLE = Automatic;
				INFOPLIST_FILE = BeniaminosCoffeeUITests/Info.plist;
				LD_RUNPATH_SEARCH_PATHS = (
					"$(inherited)",
					"@executable_path/Frameworks",
					"@loader_path/Frameworks",
				);
				PRODUCT_BUNDLE_IDENTIFIER = Benjamin.BeniaminosCoffeeUITests;
				PRODUCT_NAME = "$(TARGET_NAME)";
				SWIFT_VERSION = 4.0;
				TARGETED_DEVICE_FAMILY = "1,2";
				TEST_TARGET_NAME = BeniaminosCoffee;
			};
			name = Release;
		};
/* End XCBuildConfiguration section */

/* Begin XCConfigurationList section */
		3D5626B82175A6B600BF6CB5 /* Build configuration list for PBXProject "BeniaminosCoffee" */ = {
			isa = XCConfigurationList;
			buildConfigurations = (
				3D5626E32175A6B800BF6CB5 /* Debug */,
				3D5626E42175A6B800BF6CB5 /* Release */,
			);
			defaultConfigurationIsVisible = 0;
			defaultConfigurationName = Release;
		};
		3D5626E52175A6B800BF6CB5 /* Build configuration list for PBXNativeTarget "BeniaminosCoffee" */ = {
			isa = XCConfigurationList;
			buildConfigurations = (
				3D5626E62175A6B800BF6CB5 /* Debug */,
				3D5626E72175A6B800BF6CB5 /* Release */,
			);
			defaultConfigurationIsVisible = 0;
			defaultConfigurationName = Release;
		};
		3D5626E82175A6B800BF6CB5 /* Build configuration list for PBXNativeTarget "BeniaminosCoffeeTests" */ = {
			isa = XCConfigurationList;
			buildConfigurations = (
				3D5626E92175A6B800BF6CB5 /* Debug */,
				3D5626EA2175A6B800BF6CB5 /* Release */,
			);
			defaultConfigurationIsVisible = 0;
			defaultConfigurationName = Release;
		};
		3D5626EB2175A6B800BF6CB5 /* Build configuration list for PBXNativeTarget "BeniaminosCoffeeUITests" */ = {
			isa = XCConfigurationList;
			buildConfigurations = (
				3D5626EC2175A6B800BF6CB5 /* Debug */,
				3D5626ED2175A6B800BF6CB5 /* Release */,
			);
			defaultConfigurationIsVisible = 0;
			defaultConfigurationName = Release;
		};
/* End XCConfigurationList section */
	};
	rootObject = 3D5626B52175A6B600BF6CB5 /* Project object */;
}
